{
  "name": "src.canary",
  "version": "1.0.0",
  "lockfileVersion": 2,
  "requires": true,
  "packages": {
    "": {
      "name": "src.canary",
      "version": "1.0.0",
      "license": "ISC",
      "dependencies": {
        "@fortawesome/fontawesome-pro": "^6.4.0"
      }
    },
    "node_modules/@fortawesome/fontawesome-pro": {
      "version": "6.4.0",
      "resolved": "https://npm.fontawesome.com/@fortawesome/fontawesome-pro/-/6.4.0/fontawesome-pro-6.4.0.tgz",
      "integrity": "sha512-VtoAOuV0KAjdO979RHGko5krp3UsKMnXH1SaHnQvlz4PcgErcsk5ZPugoMhc3sW5lkrRl8NnaGwkGzB3gzVSxQ==",
      "engines": {
        "node": ">=6"
      }
    }
  },
  "dependencies": {
    "@fortawesome/fontawesome-pro": {
      "version": "6.4.0",
      "resolved": "https://npm.fontawesome.com/@fortawesome/fontawesome-pro/-/6.4.0/fontawesome-pro-6.4.0.tgz",
      "integrity": "sha512-VtoAOuV0KAjdO979RHGko5krp3UsKMnXH1SaHnQvlz4PcgErcsk5ZPugoMhc3sW5lkrRl8NnaGwkGzB3gzVSxQ=="
    }
  }
}
