# THIS IS AN AUTOGENERATED FILE. DO NOT EDIT THIS FILE DIRECTLY.
# yarn lockfile v1


"@fortawesome/fontawesome-pro@^6.4.0":
  version "6.4.0"
  resolved "https://npm.fontawesome.com/@fortawesome/fontawesome-pro/-/6.4.0/fontawesome-pro-6.4.0.tgz#4c4849f01981764c2be36bbe2c1b55d85dce22c5"
  integrity sha512-VtoAOuV0KAjdO979RHGko5krp3UsKMnXH1SaHnQvlz4PcgErcsk5ZPugoMhc3sW5lkrRl8NnaGwkGzB3gzVSxQ==
